{
  "version": 4,
  "terraform_version": "1.1.6",
  "serial": 22,
  "lineage": "2d8faef8-aa05-26fc-1c1f-2d4d8bf940fa",
  "outputs": {},
  "resources": [
    {
      "mode": "managed",
      "type": "aws_instance",
      "name": "simpleweb",
      "provider": "provider[\"registry.terraform.io/hashicorp/aws\"]",
      "instances": [
        {
          "status": "tainted",
          "schema_version": 1,
          "attributes": {
            "ami": "ami-0b614a5d911900a9b",
            "arn": "arn:aws:ec2:us-east-2:364730982496:instance/i-0dd985107ec61986a",
            "associate_public_ip_address": true,
            "availability_zone": "us-east-2b",
            "capacity_reservation_specification": [
              {
                "capacity_reservation_preference": "open",
                "capacity_reservation_target": []
              }
            ],
            "cpu_core_count": 1,
            "cpu_threads_per_core": 1,
            "credit_specification": [
              {
                "cpu_credits": "standard"
              }
            ],
            "disable_api_termination": false,
            "ebs_block_device": [],
            "ebs_optimized": false,
            "enclave_options": [
              {
                "enabled": false
              }
            ],
            "ephemeral_block_device": [],
            "get_password_data": false,
            "hibernation": false,
            "host_id": null,
            "iam_instance_profile": "",
            "id": "i-0dd985107ec61986a",
            "instance_initiated_shutdown_behavior": "stop",
            "instance_state": "running",
            "instance_type": "t2.micro",
            "ipv6_address_count": 0,
            "ipv6_addresses": [],
            "key_name": "simpleweb_keypair",
            "launch_template": [],
            "metadata_options": [
              {
                "http_endpoint": "enabled",
                "http_put_response_hop_limit": 1,
                "http_tokens": "optional",
                "instance_metadata_tags": "disabled"
              }
            ],
            "monitoring": false,
            "network_interface": [],
            "outpost_arn": "",
            "password_data": "",
            "placement_group": "",
            "placement_partition_number": null,
            "primary_network_interface_id": "eni-09c46262975fa0b2a",
            "private_dns": "ip-172-31-28-18.us-east-2.compute.internal",
            "private_ip": "172.31.28.18",
            "public_dns": "ec2-13-59-2-204.us-east-2.compute.amazonaws.com",
            "public_ip": "13.59.2.204",
            "root_block_device": [
              {
                "delete_on_termination": true,
                "device_name": "/dev/xvda",
                "encrypted": false,
                "iops": 100,
                "kms_key_id": "",
                "tags": {},
                "throughput": 0,
                "volume_id": "vol-0e0e8f96579c44f5c",
                "volume_size": 8,
                "volume_type": "gp2"
              }
            ],
            "secondary_private_ips": [],
            "security_groups": [
              "allow_ssh_http"
            ],
            "source_dest_check": true,
            "subnet_id": "subnet-0198567c",
            "tags": {
              "Name": "Simple Web"
            },
            "tags_all": {
              "Name": "Simple Web"
            },
            "tenancy": "default",
            "timeouts": null,
            "user_data": null,
            "user_data_base64": null,
            "volume_tags": null,
            "vpc_security_group_ids": [
              "sg-0b75cab73ceccdecf"
            ]
          },
          "sensitive_attributes": [],
          "private": "eyJlMmJmYjczMC1lY2FhLTExZTYtOGY4OC0zNDM2M2JjN2M0YzAiOnsiY3JlYXRlIjo2MDAwMDAwMDAwMDAsImRlbGV0ZSI6MTIwMDAwMDAwMDAwMCwidXBkYXRlIjo2MDAwMDAwMDAwMDB9LCJzY2hlbWFfdmVyc2lvbiI6IjEifQ==",
          "dependencies": [
            "aws_key_pair.simpleweb_keypair",
            "aws_security_group.simpleweb_sg"
          ]
        }
      ]
    },
    {
      "mode": "managed",
      "type": "aws_key_pair",
      "name": "simpleweb_keypair",
      "provider": "provider[\"registry.terraform.io/hashicorp/aws\"]",
      "instances": [
        {
          "schema_version": 1,
          "attributes": {
            "arn": "arn:aws:ec2:us-east-2:364730982496:key-pair/simpleweb_keypair",
            "fingerprint": "7a:72:48:aa:77:31:b7:93:b1:5a:82:18:9b:93:e5:42",
            "id": "simpleweb_keypair",
            "key_name": "simpleweb_keypair",
            "key_name_prefix": "",
            "key_pair_id": "key-0b1c75f243758eef6",
            "public_key": "ssh-rsa AAAAB3NzaC1yc2EAAAADAQABAAABgQClUhqZ3reS2c9kQc5Ykct9fxwYpuV95YrlG3iLltYIwrsGJZ74OMh9M8Z76uluER4+Wa53nI8YQIzv6MCcBLt44bQjoeuAAzZQxZMIPQHB4T86U1fsoIGlyW2sIb9iTe4GGxA4nORRrl39xL3W+VKGqfGL30zumTh+chDNPzYYhkbGyV6lnph32pj0+N7SLguq+xNu0l6QeR74jN304tFkL9MV5lKjpPnrV1CoHl7F3gqrduugvq+q2tCgWSZcYy2+0cFiQxMnoIz3oQ45o3lc+umwjmnK3EoeCUKB4xfsxMXsXzXIZYFrVM2xGYmtPqT2mJUKPVj6H9lyek47UrWyW2rWvisn1vqboJonkeO5qam+/aSjH1haOMQ1DMCcNTs2RhZbuTELhWrm/A9fHnnhnAL5j0pE9o9ssA3IBilkxyMaTZh/87zhXjrGwLx53vKg6zSI8Gtt2wm0hRjoIBIiQ2g+FL1b1H1FtZ4MDVbOXRG80ZU5F/zF9gWZZqvQSL8= rabbani@LPT1574",
            "tags": null,
            "tags_all": {}
          },
          "sensitive_attributes": [],
          "private": "eyJzY2hlbWFfdmVyc2lvbiI6IjEifQ=="
        }
      ]
    },
    {
      "mode": "managed",
      "type": "aws_security_group",
      "name": "simpleweb_sg",
      "provider": "provider[\"registry.terraform.io/hashicorp/aws\"]",
      "instances": [
        {
          "schema_version": 1,
          "attributes": {
            "arn": "arn:aws:ec2:us-east-2:364730982496:security-group/sg-0b75cab73ceccdecf",
            "description": "security group for ssh and http",
            "egress": [
              {
                "cidr_blocks": [
                  "0.0.0.0/0"
                ],
                "description": "",
                "from_port": 0,
                "ipv6_cidr_blocks": [],
                "prefix_list_ids": [],
                "protocol": "-1",
                "security_groups": [],
                "self": false,
                "to_port": 0
              }
            ],
            "id": "sg-0b75cab73ceccdecf",
            "ingress": [
              {
                "cidr_blocks": [
                  "0.0.0.0/0"
                ],
                "description": "",
                "from_port": 22,
                "ipv6_cidr_blocks": [],
                "prefix_list_ids": [],
                "protocol": "tcp",
                "security_groups": [],
                "self": false,
                "to_port": 22
              },
              {
                "cidr_blocks": [
                  "0.0.0.0/0"
                ],
                "description": "",
                "from_port": 80,
                "ipv6_cidr_blocks": [],
                "prefix_list_ids": [],
                "protocol": "tcp",
                "security_groups": [],
                "self": false,
                "to_port": 80
              }
            ],
            "name": "allow_ssh_http",
            "name_prefix": "",
            "owner_id": "364730982496",
            "revoke_rules_on_delete": false,
            "tags": {
              "Name": "simpleweb_sg"
            },
            "tags_all": {
              "Name": "simpleweb_sg"
            },
            "timeouts": null,
            "vpc_id": "vpc-4ce18827"
          },
          "sensitive_attributes": [],
          "private": "eyJlMmJmYjczMC1lY2FhLTExZTYtOGY4OC0zNDM2M2JjN2M0YzAiOnsiY3JlYXRlIjo2MDAwMDAwMDAwMDAsImRlbGV0ZSI6OTAwMDAwMDAwMDAwfSwic2NoZW1hX3ZlcnNpb24iOiIxIn0="
        }
      ]
    }
  ]
}
